
Microsoft Visual Studio Solution File, Format Version 12.00
# Visual Studio Version 17
VisualStudioVersion = 17.3.32901.215
MinimumVisualStudioVersion = 10.0.40219.1
Project("{FAE04EC0-301F-11D3-BF4B-00C04F79EFBC}") = "音频示波器", "音频示波器\音频示波器.csproj", "{B09FBDBF-A534-4A31-9848-3602B8814114}"
EndProject
Global
	GlobalSection(SolutionConfigurationPlatforms) = preSolution
		Debug|Any CPU = Debug|Any CPU
		Release|Any CPU = Release|Any CPU
	EndGlobalSection
	GlobalSection(ProjectConfigurationPlatforms) = postSolution
		{B09FBDBF-A534-4A31-9848-3602B8814114}.Debug|Any CPU.ActiveCfg = Debug|Any CPU
		{B09FBDBF-A534-4A31-9848-3602B8814114}.Debug|Any CPU.Build.0 = Debug|Any CPU
		{B09FBDBF-A534-4A31-9848-3602B8814114}.Release|Any CPU.ActiveCfg = Release|Any CPU
		{B09FBDBF-A534-4A31-9848-3602B8814114}.Release|Any CPU.Build.0 = Release|Any CPU
	EndGlobalSection
	GlobalSection(SolutionProperties) = preSolution
		HideSolutionNode = FALSE
	EndGlobalSection
	GlobalSection(ExtensibilityGlobals) = postSolution
		SolutionGuid = {890D3033-DF36-4AB2-827D-1CFDF0BEBB30}
	EndGlobalSection
EndGlobal
